
Microsoft Visual Studio Solution File, Format Version 12.00
# Visual Studio Version 16
VisualStudioVersion = 16.0.28803.352
MinimumVisualStudioVersion = 10.0.40219.1
Project("{FAE04EC0-301F-11D3-BF4B-00C04F79EFBC}") = "ZadaniaWprowadzenie", "ZadaniaWprowadzenie\ZadaniaWprowadzenie.csproj", "{EAFD9540-2EA1-40A3-9F12-E9BE04712B62}"
EndProject
Global
	GlobalSection(SolutionConfigurationPlatforms) = preSolution
		Debug|Any CPU = Debug|Any CPU
		Release|Any CPU = Release|Any CPU
	EndGlobalSection
	GlobalSection(ProjectConfigurationPlatforms) = postSolution
		{EAFD9540-2EA1-40A3-9F12-E9BE04712B62}.Debug|Any CPU.ActiveCfg = Debug|Any CPU
		{EAFD9540-2EA1-40A3-9F12-E9BE04712B62}.Debug|Any CPU.Build.0 = Debug|Any CPU
		{EAFD9540-2EA1-40A3-9F12-E9BE04712B62}.Release|Any CPU.ActiveCfg = Release|Any CPU
		{EAFD9540-2EA1-40A3-9F12-E9BE04712B62}.Release|Any CPU.Build.0 = Release|Any CPU
	EndGlobalSection
	GlobalSection(SolutionProperties) = preSolution
		HideSolutionNode = FALSE
	EndGlobalSection
	GlobalSection(ExtensibilityGlobals) = postSolution
		SolutionGuid = {16FEF7C1-71FA-4985-8E24-6000156AE351}
	EndGlobalSection
EndGlobal
